
Microsoft Visual Studio Solution File, Format Version 12.00
# Visual Studio 14
VisualStudioVersion = 14.0.25420.1
MinimumVisualStudioVersion = 10.0.40219.1
Project("{FAE04EC0-301F-11D3-BF4B-00C04F79EFBC}") = "WebApp", "WebApp\WebApp.csproj", "{8FA3231B-0943-4F12-AC36-168DA6811151}"
EndProject
Project("{FAE04EC0-301F-11D3-BF4B-00C04F79EFBC}") = "WebApp.Tests", "WebApp.Tests\WebApp.Tests.csproj", "{52F5AC82-2365-479D-883C-325C23E00349}"
EndProject
Global
	GlobalSection(SolutionConfigurationPlatforms) = preSolution
		Debug|Any CPU = Debug|Any CPU
		Release|Any CPU = Release|Any CPU
	EndGlobalSection
	GlobalSection(ProjectConfigurationPlatforms) = postSolution
		{8FA3231B-0943-4F12-AC36-168DA6811151}.Debug|Any CPU.ActiveCfg = Debug|Any CPU
		{8FA3231B-0943-4F12-AC36-168DA6811151}.Debug|Any CPU.Build.0 = Debug|Any CPU
		{8FA3231B-0943-4F12-AC36-168DA6811151}.Release|Any CPU.ActiveCfg = Release|Any CPU
		{8FA3231B-0943-4F12-AC36-168DA6811151}.Release|Any CPU.Build.0 = Release|Any CPU
		{52F5AC82-2365-479D-883C-325C23E00349}.Debug|Any CPU.ActiveCfg = Debug|Any CPU
		{52F5AC82-2365-479D-883C-325C23E00349}.Debug|Any CPU.Build.0 = Debug|Any CPU
		{52F5AC82-2365-479D-883C-325C23E00349}.Release|Any CPU.ActiveCfg = Release|Any CPU
		{52F5AC82-2365-479D-883C-325C23E00349}.Release|Any CPU.Build.0 = Release|Any CPU
	EndGlobalSection
	GlobalSection(SolutionProperties) = preSolution
		HideSolutionNode = FALSE
	EndGlobalSection
EndGlobal
